
Microsoft Visual Studio Solution File, Format Version 12.00
# Visual Studio Version 16
VisualStudioVersion = 16.0.29102.190
MinimumVisualStudioVersion = 10.0.40219.1
Project("{FAE04EC0-301F-11D3-BF4B-00C04F79EFBC}") = "TestingSystem.XamarinForms.Android", "TestingSystem.XamarinForms\TestingSystem.XamarinForms.Android\TestingSystem.XamarinForms.Android.csproj", "{15DE631A-8566-404A-BE99-DBBF6C4FD015}"
EndProject
Project("{FAE04EC0-301F-11D3-BF4B-00C04F79EFBC}") = "TestingSystem.XamarinForms.iOS", "TestingSystem.XamarinForms\TestingSystem.XamarinForms.iOS\TestingSystem.XamarinForms.iOS.csproj", "{DE820C46-467B-4088-8664-831B8668FE9B}"
EndProject
Project("{9A19103F-16F7-4668-BE54-9A1E7A4F7556}") = "TestingSystem.XamarinForms", "TestingSystem.XamarinForms\TestingSystem.XamarinForms\TestingSystem.XamarinForms.csproj", "{44D57158-DC7F-4746-849C-1F15633E692D}"
EndProject
Project("{9A19103F-16F7-4668-BE54-9A1E7A4F7556}") = "TestingSystem.BusinessModel", "TestingSystem.BusinessModel\TestingSystem.BusinessModel.csproj", "{E281D821-6F53-4836-A4B6-DB2D0BD6126A}"
EndProject
Global
	GlobalSection(SolutionConfigurationPlatforms) = preSolution
		Debug|Any CPU = Debug|Any CPU
		Debug|iPhone = Debug|iPhone
		Debug|iPhoneSimulator = Debug|iPhoneSimulator
		Release|Any CPU = Release|Any CPU
		Release|iPhone = Release|iPhone
		Release|iPhoneSimulator = Release|iPhoneSimulator
	EndGlobalSection
	GlobalSection(ProjectConfigurationPlatforms) = postSolution
		{15DE631A-8566-404A-BE99-DBBF6C4FD015}.Debug|Any CPU.ActiveCfg = Debug|Any CPU
		{15DE631A-8566-404A-BE99-DBBF6C4FD015}.Debug|Any CPU.Build.0 = Debug|Any CPU
		{15DE631A-8566-404A-BE99-DBBF6C4FD015}.Debug|Any CPU.Deploy.0 = Debug|Any CPU
		{15DE631A-8566-404A-BE99-DBBF6C4FD015}.Debug|iPhone.ActiveCfg = Debug|Any CPU
		{15DE631A-8566-404A-BE99-DBBF6C4FD015}.Debug|iPhone.Build.0 = Debug|Any CPU
		{15DE631A-8566-404A-BE99-DBBF6C4FD015}.Debug|iPhone.Deploy.0 = Debug|Any CPU
		{15DE631A-8566-404A-BE99-DBBF6C4FD015}.Debug|iPhoneSimulator.ActiveCfg = Debug|Any CPU
		{15DE631A-8566-404A-BE99-DBBF6C4FD015}.Debug|iPhoneSimulator.Build.0 = Debug|Any CPU
		{15DE631A-8566-404A-BE99-DBBF6C4FD015}.Debug|iPhoneSimulator.Deploy.0 = Debug|Any CPU
		{15DE631A-8566-404A-BE99-DBBF6C4FD015}.Release|Any CPU.ActiveCfg = Release|Any CPU
		{15DE631A-8566-404A-BE99-DBBF6C4FD015}.Release|Any CPU.Build.0 = Release|Any CPU
		{15DE631A-8566-404A-BE99-DBBF6C4FD015}.Release|Any CPU.Deploy.0 = Release|Any CPU
		{15DE631A-8566-404A-BE99-DBBF6C4FD015}.Release|iPhone.ActiveCfg = Release|Any CPU
		{15DE631A-8566-404A-BE99-DBBF6C4FD015}.Release|iPhone.Build.0 = Release|Any CPU
		{15DE631A-8566-404A-BE99-DBBF6C4FD015}.Release|iPhone.Deploy.0 = Release|Any CPU
		{15DE631A-8566-404A-BE99-DBBF6C4FD015}.Release|iPhoneSimulator.ActiveCfg = Release|Any CPU
		{15DE631A-8566-404A-BE99-DBBF6C4FD015}.Release|iPhoneSimulator.Build.0 = Release|Any CPU
		{15DE631A-8566-404A-BE99-DBBF6C4FD015}.Release|iPhoneSimulator.Deploy.0 = Release|Any CPU
		{DE820C46-467B-4088-8664-831B8668FE9B}.Debug|Any CPU.ActiveCfg = Debug|iPhone
		{DE820C46-467B-4088-8664-831B8668FE9B}.Debug|iPhone.ActiveCfg = Debug|iPhone
		{DE820C46-467B-4088-8664-831B8668FE9B}.Debug|iPhone.Build.0 = Debug|iPhone
		{DE820C46-467B-4088-8664-831B8668FE9B}.Debug|iPhoneSimulator.ActiveCfg = Debug|iPhoneSimulator
		{DE820C46-467B-4088-8664-831B8668FE9B}.Debug|iPhoneSimulator.Build.0 = Debug|iPhoneSimulator
		{DE820C46-467B-4088-8664-831B8668FE9B}.Release|Any CPU.ActiveCfg = Release|iPhone
		{DE820C46-467B-4088-8664-831B8668FE9B}.Release|iPhone.ActiveCfg = Release|iPhone
		{DE820C46-467B-4088-8664-831B8668FE9B}.Release|iPhone.Build.0 = Release|iPhone
		{DE820C46-467B-4088-8664-831B8668FE9B}.Release|iPhoneSimulator.ActiveCfg = Release|iPhoneSimulator
		{DE820C46-467B-4088-8664-831B8668FE9B}.Release|iPhoneSimulator.Build.0 = Release|iPhoneSimulator
		{44D57158-DC7F-4746-849C-1F15633E692D}.Debug|Any CPU.ActiveCfg = Debug|Any CPU
		{44D57158-DC7F-4746-849C-1F15633E692D}.Debug|Any CPU.Build.0 = Debug|Any CPU
		{44D57158-DC7F-4746-849C-1F15633E692D}.Debug|iPhone.ActiveCfg = Debug|Any CPU
		{44D57158-DC7F-4746-849C-1F15633E692D}.Debug|iPhone.Build.0 = Debug|Any CPU
		{44D57158-DC7F-4746-849C-1F15633E692D}.Debug|iPhoneSimulator.ActiveCfg = Debug|Any CPU
		{44D57158-DC7F-4746-849C-1F15633E692D}.Debug|iPhoneSimulator.Build.0 = Debug|Any CPU
		{44D57158-DC7F-4746-849C-1F15633E692D}.Release|Any CPU.ActiveCfg = Release|Any CPU
		{44D57158-DC7F-4746-849C-1F15633E692D}.Release|Any CPU.Build.0 = Release|Any CPU
		{44D57158-DC7F-4746-849C-1F15633E692D}.Release|iPhone.ActiveCfg = Release|Any CPU
		{44D57158-DC7F-4746-849C-1F15633E692D}.Release|iPhone.Build.0 = Release|Any CPU
		{44D57158-DC7F-4746-849C-1F15633E692D}.Release|iPhoneSimulator.ActiveCfg = Release|Any CPU
		{44D57158-DC7F-4746-849C-1F15633E692D}.Release|iPhoneSimulator.Build.0 = Release|Any CPU
		{E281D821-6F53-4836-A4B6-DB2D0BD6126A}.Debug|Any CPU.ActiveCfg = Debug|Any CPU
		{E281D821-6F53-4836-A4B6-DB2D0BD6126A}.Debug|Any CPU.Build.0 = Debug|Any CPU
		{E281D821-6F53-4836-A4B6-DB2D0BD6126A}.Debug|iPhone.ActiveCfg = Debug|Any CPU
		{E281D821-6F53-4836-A4B6-DB2D0BD6126A}.Debug|iPhone.Build.0 = Debug|Any CPU
		{E281D821-6F53-4836-A4B6-DB2D0BD6126A}.Debug|iPhoneSimulator.ActiveCfg = Debug|Any CPU
		{E281D821-6F53-4836-A4B6-DB2D0BD6126A}.Debug|iPhoneSimulator.Build.0 = Debug|Any CPU
		{E281D821-6F53-4836-A4B6-DB2D0BD6126A}.Release|Any CPU.ActiveCfg = Release|Any CPU
		{E281D821-6F53-4836-A4B6-DB2D0BD6126A}.Release|Any CPU.Build.0 = Release|Any CPU
		{E281D821-6F53-4836-A4B6-DB2D0BD6126A}.Release|iPhone.ActiveCfg = Release|Any CPU
		{E281D821-6F53-4836-A4B6-DB2D0BD6126A}.Release|iPhone.Build.0 = Release|Any CPU
		{E281D821-6F53-4836-A4B6-DB2D0BD6126A}.Release|iPhoneSimulator.ActiveCfg = Release|Any CPU
		{E281D821-6F53-4836-A4B6-DB2D0BD6126A}.Release|iPhoneSimulator.Build.0 = Release|Any CPU
	EndGlobalSection
	GlobalSection(SolutionProperties) = preSolution
		HideSolutionNode = FALSE
	EndGlobalSection
	GlobalSection(ExtensibilityGlobals) = postSolution
		SolutionGuid = {9F96EDE6-5367-4F7C-8318-3288D18D2821}
	EndGlobalSection
EndGlobal
